
Microsoft Visual Studio Solution File, Format Version 12.00
# Visual Studio Version 16
VisualStudioVersion = 16.0.28803.202
MinimumVisualStudioVersion = 10.0.40219.1
Project("{9A19103F-16F7-4668-BE54-9A1E7A4F7556}") = "OneToManyMapBenchmark", "OneToManyMapBenchmark\OneToManyMapBenchmark.csproj", "{FFEA59B0-5FD9-480D-B90A-21BF4672CD7F}"
EndProject
Project("{9A19103F-16F7-4668-BE54-9A1E7A4F7556}") = "UnitTestProject1", "UnitTestProject1\UnitTestProject1.csproj", "{60A37662-A3D0-4E41-B89C-0766343DA637}"
EndProject
Project("{2150E333-8FDC-42A3-9474-1A3956D46DE8}") = "Solution Items", "Solution Items", "{723C56B4-FCDA-4C0C-858D-C9B2DF00F3CB}"
	ProjectSection(SolutionItems) = preProject
		Data Structures.pptx = Data Structures.pptx
		OneToManyMapBenchmarks.xlsx = OneToManyMapBenchmarks.xlsx
	EndProjectSection
EndProject
Global
	GlobalSection(SolutionConfigurationPlatforms) = preSolution
		Debug|Any CPU = Debug|Any CPU
		Release|Any CPU = Release|Any CPU
	EndGlobalSection
	GlobalSection(ProjectConfigurationPlatforms) = postSolution
		{FFEA59B0-5FD9-480D-B90A-21BF4672CD7F}.Debug|Any CPU.ActiveCfg = Debug|Any CPU
		{FFEA59B0-5FD9-480D-B90A-21BF4672CD7F}.Debug|Any CPU.Build.0 = Debug|Any CPU
		{FFEA59B0-5FD9-480D-B90A-21BF4672CD7F}.Release|Any CPU.ActiveCfg = Release|Any CPU
		{FFEA59B0-5FD9-480D-B90A-21BF4672CD7F}.Release|Any CPU.Build.0 = Release|Any CPU
		{60A37662-A3D0-4E41-B89C-0766343DA637}.Debug|Any CPU.ActiveCfg = Debug|Any CPU
		{60A37662-A3D0-4E41-B89C-0766343DA637}.Debug|Any CPU.Build.0 = Debug|Any CPU
		{60A37662-A3D0-4E41-B89C-0766343DA637}.Release|Any CPU.ActiveCfg = Release|Any CPU
		{60A37662-A3D0-4E41-B89C-0766343DA637}.Release|Any CPU.Build.0 = Release|Any CPU
	EndGlobalSection
	GlobalSection(SolutionProperties) = preSolution
		HideSolutionNode = FALSE
	EndGlobalSection
	GlobalSection(ExtensibilityGlobals) = postSolution
		SolutionGuid = {A2FF4219-E910-4E93-96FD-50BED28902D3}
	EndGlobalSection
EndGlobal
